// !$*UTF8*$!
{
	archiveVersion = 1;
	classes = {
	};
	objectVersion = 56;
	objects = {

/* Begin PBXBuildFile section */
		A001 /* BeastLauncherApp.swift in Sources */ = {isa = PBXBuildFile; fileRef = F001 /* BeastLauncherApp.swift */; };
		A002 /* RootView.swift in Sources */ = {isa = PBXBuildFile; fileRef = F002 /* RootView.swift */; };
		A003 /* LicenseManager.swift in Sources */ = {isa = PBXBuildFile; fileRef = F003 /* LicenseManager.swift */; };
		A004 /* AppModel.swift in Sources */ = {isa = PBXBuildFile; fileRef = F004 /* AppModel.swift */; };
		A005 /* LogSystem.swift in Sources */ = {isa = PBXBuildFile; fileRef = F005 /* LogSystem.swift */; };
		A006 /* ThemeManager.swift in Sources */ = {isa = PBXBuildFile; fileRef = F006 /* ThemeManager.swift */; };
		A007 /* LicenseView.swift in Sources */ = {isa = PBXBuildFile; fileRef = F007 /* LicenseView.swift */; };
		A008 /* HomeViewModel.swift in Sources */ = {isa = PBXBuildFile; fileRef = F008 /* HomeViewModel.swift */; };
		A009 /* HomeView.swift in Sources */ = {isa = PBXBuildFile; fileRef = F009 /* HomeView.swift */; };
		A010 /* AppGridView.swift in Sources */ = {isa = PBXBuildFile; fileRef = F010 /* AppGridView.swift */; };
		A011 /* FakeAppScreens.swift in Sources */ = {isa = PBXBuildFile; fileRef = F011 /* FakeAppScreens.swift */; };
		A012 /* TerminalView.swift in Sources */ = {isa = PBXBuildFile; fileRef = F012 /* TerminalView.swift */; };
		A013 /* FileManagerView.swift in Sources */ = {isa = PBXBuildFile; fileRef = F013 /* FileManagerView.swift */; };
		A014 /* WidgetView.swift in Sources */ = {isa = PBXBuildFile; fileRef = F014 /* WidgetView.swift */; };
		A015 /* UIComponents.swift in Sources */ = {isa = PBXBuildFile; fileRef = F015 /* UIComponents.swift */; };
		A016 /* Assets.xcassets in Resources */ = {isa = PBXBuildFile; fileRef = F016 /* Assets.xcassets */; };
		A017 /* Info.plist in Resources */ = {isa = PBXBuildFile; fileRef = F017 /* Info.plist */; };
/* End PBXBuildFile section */

/* Begin PBXFileReference section */
		F001 /* BeastLauncherApp.swift */ = {isa = PBXFileReference; lastKnownFileType = sourcecode.swift; path = BeastLauncherApp.swift; sourceTree = "<group>"; };
		F002 /* RootView.swift */ = {isa = PBXFileReference; lastKnownFileType = sourcecode.swift; path = RootView.swift; sourceTree = "<group>"; };
		F003 /* LicenseManager.swift */ = {isa = PBXFileReference; lastKnownFileType = sourcecode.swift; path = LicenseManager.swift; sourceTree = "<group>"; };
		F004 /* AppModel.swift */ = {isa = PBXFileReference; lastKnownFileType = sourcecode.swift; path = AppModel.swift; sourceTree = "<group>"; };
		F005 /* LogSystem.swift */ = {isa = PBXFileReference; lastKnownFileType = sourcecode.swift; path = LogSystem.swift; sourceTree = "<group>"; };
		F006 /* ThemeManager.swift */ = {isa = PBXFileReference; lastKnownFileType = sourcecode.swift; path = ThemeManager.swift; sourceTree = "<group>"; };
		F007 /* LicenseView.swift */ = {isa = PBXFileReference; lastKnownFileType = sourcecode.swift; path = LicenseView.swift; sourceTree = "<group>"; };
		F008 /* HomeViewModel.swift */ = {isa = PBXFileReference; lastKnownFileType = sourcecode.swift; path = HomeViewModel.swift; sourceTree = "<group>"; };
		F009 /* HomeView.swift */ = {isa = PBXFileReference; lastKnownFileType = sourcecode.swift; path = HomeView.swift; sourceTree = "<group>"; };
		F010 /* AppGridView.swift */ = {isa = PBXFileReference; lastKnownFileType = sourcecode.swift; path = AppGridView.swift; sourceTree = "<group>"; };
		F011 /* FakeAppScreens.swift */ = {isa = PBXFileReference; lastKnownFileType = sourcecode.swift; path = FakeAppScreens.swift; sourceTree = "<group>"; };
		F012 /* TerminalView.swift */ = {isa = PBXFileReference; lastKnownFileType = sourcecode.swift; path = TerminalView.swift; sourceTree = "<group>"; };
		F013 /* FileManagerView.swift */ = {isa = PBXFileReference; lastKnownFileType = sourcecode.swift; path = FileManagerView.swift; sourceTree = "<group>"; };
		F014 /* WidgetView.swift */ = {isa = PBXFileReference; lastKnownFileType = sourcecode.swift; path = WidgetView.swift; sourceTree = "<group>"; };
		F015 /* UIComponents.swift */ = {isa = PBXFileReference; lastKnownFileType = sourcecode.swift; path = UIComponents.swift; sourceTree = "<group>"; };
		F016 /* Assets.xcassets */ = {isa = PBXFileReference; lastKnownFileType = folder.assetcatalog; path = Assets.xcassets; sourceTree = "<group>"; };
		F017 /* Info.plist */ = {isa = PBXFileReference; lastKnownFileType = text.plist.xml; path = Info.plist; sourceTree = "<group>"; };
		FAPP /* BeastLauncher.app */ = {isa = PBXFileReference; explicitFileType = wrapper.application; includeInIndex = 0; path = BeastLauncher.app; sourceTree = BUILT_PRODUCTS_DIR; };
/* End PBXFileReference section */

/* Begin PBXFrameworksBuildPhase section */
		PH01 = {
			isa = PBXFrameworksBuildPhase;
			buildActionMask = 2147483647;
			files = ();
			runOnlyForDeploymentPostprocessing = 0;
		};
/* End PBXFrameworksBuildPhase section */

/* Begin PBXGroup section */
		GRP0 /* BeastLauncher */ = {
			isa = PBXGroup;
			children = (
				GRPAPP /* App */,
				GRPCORE /* Core */,
				GRPFEAT /* Features */,
				GRPUI /* UI */,
				F016 /* Assets.xcassets */,
			);
			path = BeastLauncher;
			sourceTree = "<group>";
		};
		GRPROOT = {
			isa = PBXGroup;
			children = (
				GRP0,
				GRPPROD,
			);
			sourceTree = "<group>";
		};
		GRPPROD = {
			isa = PBXGroup;
			children = (
				FAPP,
			);
			name = Products;
			sourceTree = "<group>";
		};
		GRPAPP /* App */ = {
			isa = PBXGroup;
			children = (
				F001,
				F002,
				F017,
			);
			name = App;
			sourceTree = "<group>";
		};
		GRPCORE /* Core */ = {
			isa = PBXGroup;
			children = (
				F003,
				F004,
				F005,
				F006,
			);
			name = Core;
			sourceTree = "<group>";
		};
		GRPFEAT /* Features */ = {
			isa = PBXGroup;
			children = (
				F007,
				F008,
				F009,
				F010,
				F011,
				F012,
				F013,
				F014,
			);
			name = Features;
			sourceTree = "<group>";
		};
		GRPUI /* UI */ = {
			isa = PBXGroup;
			children = (
				F015,
			);
			name = UI;
			sourceTree = "<group>";
		};
/* End PBXGroup section */

/* Begin PBXNativeTarget section */
		TGT1 /* BeastLauncher */ = {
			isa = PBXNativeTarget;
			buildConfigurationList = XCB1;
			buildPhases = (
				PH00 /* Sources */,
				PH01 /* Frameworks */,
				PH02 /* Resources */,
			);
			buildRules = ();
			dependencies = ();
			name = BeastLauncher;
			productName = BeastLauncher;
			productReference = FAPP /* BeastLauncher.app */;
			productType = "com.apple.product-type.application";
		};
/* End PBXNativeTarget section */

/* Begin PBXProject section */
		PRJ1 /* Project object */ = {
			isa = PBXProject;
			attributes = {
				BuildIndependentTargetsInParallel = 1;
				LastSwiftUpdateCheck = 1500;
				LastUpgradeCheck = 1500;
				TargetAttributes = {
					TGT1 = {
						CreatedOnToolsVersion = 15.0;
					};
				};
			};
			buildConfigurationList = XCB0;
			compatibilityVersion = "Xcode 14.0";
			developmentRegion = en;
			hasScannedForEncodings = 0;
			knownRegions = (en, Base);
			mainGroup = GRPROOT;
			productRefGroup = GRPPROD;
			projectDirPath = "";
			projectRoot = "";
			targets = (TGT1);
		};
/* End PBXProject section */

/* Begin PBXResourcesBuildPhase section */
		PH02 = {
			isa = PBXResourcesBuildPhase;
			buildActionMask = 2147483647;
			files = (
				A016,
			);
			runOnlyForDeploymentPostprocessing = 0;
		};
/* End PBXResourcesBuildPhase section */

/* Begin PBXSourcesBuildPhase section */
		PH00 = {
			isa = PBXSourcesBuildPhase;
			buildActionMask = 2147483647;
			files = (
				A001,A002,A003,A004,A005,A006,
				A007,A008,A009,A010,A011,A012,
				A013,A014,A015,
			);
			runOnlyForDeploymentPostprocessing = 0;
		};
/* End PBXSourcesBuildPhase section */

/* Begin XCBuildConfiguration section */
		XCC0 /* Debug */ = {
			isa = XCBuildConfiguration;
			buildSettings = {
				ALWAYS_SEARCH_USER_PATHS = NO;
				CLANG_ANALYZER_NONNULL = YES;
				CLANG_ANALYZER_NUMBER_OBJECT_CONVERSION = YES_AGGRESSIVE;
				CLANG_CXX_LANGUAGE_STANDARD = "gnu++20";
				CLANG_ENABLE_MODULES = YES;
				CLANG_ENABLE_OBJC_ARC = YES;
				CLANG_ENABLE_OBJC_WEAK = YES;
				CLANG_WARN_DIRECT_OBJC_ISA_USAGE = YES_ERROR;
				CLANG_WARN_OBJC_ROOT_CLASS = YES_ERROR;
				COPY_PHASE_STRIP = NO;
				DEBUG_INFORMATION_FORMAT = dwarf;
				ENABLE_STRICT_OBJC_MSGSEND = YES;
				ENABLE_TESTABILITY = YES;
				GCC_C_LANGUAGE_STANDARD = gnu17;
				GCC_DYNAMIC_NO_PIC = NO;
				GCC_NO_COMMON_BLOCKS = YES;
				GCC_OPTIMIZATION_LEVEL = 0;
				GCC_PREPROCESSOR_DEFINITIONS = ("DEBUG=1","$(inherited)");
				MTL_ENABLE_DEBUG_INFO = INCLUDE_SOURCE;
				MTL_FAST_MATH = YES;
				ONLY_ACTIVE_ARCH = YES;
				SDKROOT = iphoneos;
				SWIFT_ACTIVE_COMPILATION_CONDITIONS = DEBUG;
				SWIFT_OPTIMIZATION_LEVEL = "-Onone";
			};
			name = Debug;
		};
		XCC1 /* Release */ = {
			isa = XCBuildConfiguration;
			buildSettings = {
				ALWAYS_SEARCH_USER_PATHS = NO;
				CLANG_ANALYZER_NONNULL = YES;
				CLANG_ANALYZER_NUMBER_OBJECT_CONVERSION = YES_AGGRESSIVE;
				CLANG_CXX_LANGUAGE_STANDARD = "gnu++20";
				CLANG_ENABLE_MODULES = YES;
				CLANG_ENABLE_OBJC_ARC = YES;
				CLANG_ENABLE_OBJC_WEAK = YES;
				CLANG_WARN_DIRECT_OBJC_ISA_USAGE = YES_ERROR;
				CLANG_WARN_OBJC_ROOT_CLASS = YES_ERROR;
				COPY_PHASE_STRIP = NO;
				DEBUG_INFORMATION_FORMAT = "dwarf-with-dsym";
				ENABLE_NS_ASSERTIONS = NO;
				ENABLE_STRICT_OBJC_MSGSEND = YES;
				GCC_C_LANGUAGE_STANDARD = gnu17;
				GCC_NO_COMMON_BLOCKS = YES;
				MTL_FAST_MATH = YES;
				SDKROOT = iphoneos;
				SWIFT_COMPILATION_MODE = wholemodule;
				SWIFT_OPTIMIZATION_LEVEL = "-O";
				VALIDATE_PRODUCT = YES;
			};
			name = Release;
		};
		XCC2 /* Debug - Target */ = {
			isa = XCBuildConfiguration;
			buildSettings = {
				ASSETCATALOG_COMPILER_APPICON_NAME = AppIcon;
				ASSETCATALOG_COMPILER_GLOBAL_ACCENT_COLOR_NAME = AccentColor;
				CODE_SIGN_STYLE = Automatic;
				CURRENT_PROJECT_VERSION = 1;
				DEVELOPMENT_TEAM = "";
				GENERATE_INFOPLIST_FILE = NO;
				INFOPLIST_FILE = BeastLauncher/App/Info.plist;
				IPHONEOS_DEPLOYMENT_TARGET = 15.0;
				LD_RUNPATH_SEARCH_PATHS = ("$(inherited)","@executable_path/Frameworks");
				MARKETING_VERSION = 1.0;
				PRODUCT_BUNDLE_IDENTIFIER = com.beastmeds.beastlauncher;
				PRODUCT_NAME = "$(TARGET_NAME)";
				SWIFT_EMIT_LOC_STRINGS = YES;
				SWIFT_VERSION = 5.0;
				TARGETED_DEVICE_FAMILY = 1;
			};
			name = Debug;
		};
		XCC3 /* Release - Target */ = {
			isa = XCBuildConfiguration;
			buildSettings = {
				ASSETCATALOG_COMPILER_APPICON_NAME = AppIcon;
				ASSETCATALOG_COMPILER_GLOBAL_ACCENT_COLOR_NAME = AccentColor;
				CODE_SIGN_STYLE = Automatic;
				CURRENT_PROJECT_VERSION = 1;
				DEVELOPMENT_TEAM = "";
				GENERATE_INFOPLIST_FILE = NO;
				INFOPLIST_FILE = BeastLauncher/App/Info.plist;
				IPHONEOS_DEPLOYMENT_TARGET = 15.0;
				LD_RUNPATH_SEARCH_PATHS = ("$(inherited)","@executable_path/Frameworks");
				MARKETING_VERSION = 1.0;
				PRODUCT_BUNDLE_IDENTIFIER = com.beastmeds.beastlauncher;
				PRODUCT_NAME = "$(TARGET_NAME)";
				SWIFT_EMIT_LOC_STRINGS = YES;
				SWIFT_VERSION = 5.0;
				TARGETED_DEVICE_FAMILY = 1;
			};
			name = Release;
		};
/* End XCBuildConfiguration section */

/* Begin XCConfigurationList section */
		XCB0 = {
			isa = XCConfigurationList;
			buildConfigurations = (XCC0,XCC1);
			defaultConfigurationIsVisible = 0;
			defaultConfigurationName = Release;
		};
		XCB1 = {
			isa = XCConfigurationList;
			buildConfigurations = (XCC2,XCC3);
			defaultConfigurationIsVisible = 0;
			defaultConfigurationName = Release;
		};
/* End XCConfigurationList section */

	};
	rootObject = PRJ1 /* Project object */;
}
